
Microsoft Visual Studio Solution File, Format Version 12.00
# Visual Studio Version 17
VisualStudioVersion = 17.14.36202.13
MinimumVisualStudioVersion = 10.0.40219.1
Project("{FAE04EC0-301F-11D3-BF4B-00C04F79EFBC}") = "KLTN.OcelotGateway", "Gateway\KLTN.OcelotGateway\KLTN.OcelotGateway.csproj", "{AE65CC00-8150-4314-9142-563BCD499E65}"
EndProject
Project("{FAE04EC0-301F-11D3-BF4B-00C04F79EFBC}") = "KLTN.Shared", "Shared\Net\KLTN.Shared\KLTN.Shared.csproj", "{52B5A591-DEAC-4237-AE0A-87AA5F9944B4}"
EndProject
Project("{2150E333-8FDC-42A3-9474-1A3956D46DE8}") = "CoreService", "CoreService", "{02EA681E-C7D8-13C7-8484-4AC65E1B71E8}"
EndProject
Project("{FAE04EC0-301F-11D3-BF4B-00C04F79EFBC}") = "KLTN.CoreService.API", "Services\CoreService\KLTN.CoreService.API\KLTN.CoreService.API.csproj", "{04079C99-5A5E-409D-B2E7-841607F8D8E5}"
EndProject
Project("{FAE04EC0-301F-11D3-BF4B-00C04F79EFBC}") = "KLTN.CoreService.Application", "Services\CoreService\KLTN.CoreService.Application\KLTN.CoreService.Application.csproj", "{7C4E8D47-986E-4E2D-8E6C-6D840318EB0B}"
EndProject
Project("{FAE04EC0-301F-11D3-BF4B-00C04F79EFBC}") = "KLTN.CoreService.Repository", "Services\CoreService\KLTN.CoreService.Repository\KLTN.CoreService.Repository.csproj", "{90426E7A-9876-4F8B-85AE-B5363DE44E32}"
EndProject
Project("{FAE04EC0-301F-11D3-BF4B-00C04F79EFBC}") = "KLTN.CoreService.Common", "Services\CoreService\KLTN.CoreService.Common\KLTN.CoreService.Common.csproj", "{96BF639D-9568-444C-AEF3-215E39E934DB}"
EndProject
Project("{FAE04EC0-301F-11D3-BF4B-00C04F79EFBC}") = "KLTN.CoreService.Test", "Services\CoreService\KLTN.CoreService.Test\KLTN.CoreService.Test.csproj", "{DF2985F7-3C61-4440-88F9-31F78437E468}"
EndProject
Global
	GlobalSection(SolutionConfigurationPlatforms) = preSolution
		Debug|Any CPU = Debug|Any CPU
		Release|Any CPU = Release|Any CPU
	EndGlobalSection
	GlobalSection(ProjectConfigurationPlatforms) = postSolution
		{AE65CC00-8150-4314-9142-563BCD499E65}.Debug|Any CPU.ActiveCfg = Debug|Any CPU
		{AE65CC00-8150-4314-9142-563BCD499E65}.Debug|Any CPU.Build.0 = Debug|Any CPU
		{AE65CC00-8150-4314-9142-563BCD499E65}.Release|Any CPU.ActiveCfg = Release|Any CPU
		{AE65CC00-8150-4314-9142-563BCD499E65}.Release|Any CPU.Build.0 = Release|Any CPU
		{52B5A591-DEAC-4237-AE0A-87AA5F9944B4}.Debug|Any CPU.ActiveCfg = Debug|Any CPU
		{52B5A591-DEAC-4237-AE0A-87AA5F9944B4}.Debug|Any CPU.Build.0 = Debug|Any CPU
		{52B5A591-DEAC-4237-AE0A-87AA5F9944B4}.Release|Any CPU.ActiveCfg = Release|Any CPU
		{52B5A591-DEAC-4237-AE0A-87AA5F9944B4}.Release|Any CPU.Build.0 = Release|Any CPU
		{04079C99-5A5E-409D-B2E7-841607F8D8E5}.Debug|Any CPU.ActiveCfg = Debug|Any CPU
		{04079C99-5A5E-409D-B2E7-841607F8D8E5}.Debug|Any CPU.Build.0 = Debug|Any CPU
		{04079C99-5A5E-409D-B2E7-841607F8D8E5}.Release|Any CPU.ActiveCfg = Release|Any CPU
		{04079C99-5A5E-409D-B2E7-841607F8D8E5}.Release|Any CPU.Build.0 = Release|Any CPU
		{7C4E8D47-986E-4E2D-8E6C-6D840318EB0B}.Debug|Any CPU.ActiveCfg = Debug|Any CPU
		{7C4E8D47-986E-4E2D-8E6C-6D840318EB0B}.Debug|Any CPU.Build.0 = Debug|Any CPU
		{7C4E8D47-986E-4E2D-8E6C-6D840318EB0B}.Release|Any CPU.ActiveCfg = Release|Any CPU
		{7C4E8D47-986E-4E2D-8E6C-6D840318EB0B}.Release|Any CPU.Build.0 = Release|Any CPU
		{90426E7A-9876-4F8B-85AE-B5363DE44E32}.Debug|Any CPU.ActiveCfg = Debug|Any CPU
		{90426E7A-9876-4F8B-85AE-B5363DE44E32}.Debug|Any CPU.Build.0 = Debug|Any CPU
		{90426E7A-9876-4F8B-85AE-B5363DE44E32}.Release|Any CPU.ActiveCfg = Release|Any CPU
		{90426E7A-9876-4F8B-85AE-B5363DE44E32}.Release|Any CPU.Build.0 = Release|Any CPU
		{96BF639D-9568-444C-AEF3-215E39E934DB}.Debug|Any CPU.ActiveCfg = Debug|Any CPU
		{96BF639D-9568-444C-AEF3-215E39E934DB}.Debug|Any CPU.Build.0 = Debug|Any CPU
		{96BF639D-9568-444C-AEF3-215E39E934DB}.Release|Any CPU.ActiveCfg = Release|Any CPU
		{96BF639D-9568-444C-AEF3-215E39E934DB}.Release|Any CPU.Build.0 = Release|Any CPU
		{DF2985F7-3C61-4440-88F9-31F78437E468}.Debug|Any CPU.ActiveCfg = Debug|Any CPU
		{DF2985F7-3C61-4440-88F9-31F78437E468}.Debug|Any CPU.Build.0 = Debug|Any CPU
		{DF2985F7-3C61-4440-88F9-31F78437E468}.Release|Any CPU.ActiveCfg = Release|Any CPU
		{DF2985F7-3C61-4440-88F9-31F78437E468}.Release|Any CPU.Build.0 = Release|Any CPU
	EndGlobalSection
	GlobalSection(SolutionProperties) = preSolution
		HideSolutionNode = FALSE
	EndGlobalSection
	GlobalSection(NestedProjects) = preSolution
		{04079C99-5A5E-409D-B2E7-841607F8D8E5} = {02EA681E-C7D8-13C7-8484-4AC65E1B71E8}
		{7C4E8D47-986E-4E2D-8E6C-6D840318EB0B} = {02EA681E-C7D8-13C7-8484-4AC65E1B71E8}
		{90426E7A-9876-4F8B-85AE-B5363DE44E32} = {02EA681E-C7D8-13C7-8484-4AC65E1B71E8}
		{96BF639D-9568-444C-AEF3-215E39E934DB} = {02EA681E-C7D8-13C7-8484-4AC65E1B71E8}
		{DF2985F7-3C61-4440-88F9-31F78437E468} = {02EA681E-C7D8-13C7-8484-4AC65E1B71E8}
	EndGlobalSection
	GlobalSection(ExtensibilityGlobals) = postSolution
		SolutionGuid = {267FD2A8-F7AB-430D-8F3D-F819B0D195F1}
	EndGlobalSection
EndGlobal
